
Microsoft Visual Studio Solution File, Format Version 12.00
# Visual Studio Version 17
VisualStudioVersion = 17.6.33829.357
MinimumVisualStudioVersion = 10.0.40219.1
Project("{9A19103F-16F7-4668-BE54-9A1E7A4F7556}") = "School24", "School24.csproj", "{E727BA08-B375-428B-8F4C-F45400417A1F}"
EndProject
Global
	GlobalSection(SolutionConfigurationPlatforms) = preSolution
		Debug|Any CPU = Debug|Any CPU
		Release|Any CPU = Release|Any CPU
	EndGlobalSection
	GlobalSection(ProjectConfigurationPlatforms) = postSolution
		{E727BA08-B375-428B-8F4C-F45400417A1F}.Debug|Any CPU.ActiveCfg = Debug|Any CPU
		{E727BA08-B375-428B-8F4C-F45400417A1F}.Debug|Any CPU.Build.0 = Debug|Any CPU
		{E727BA08-B375-428B-8F4C-F45400417A1F}.Release|Any CPU.ActiveCfg = Release|Any CPU
		{E727BA08-B375-428B-8F4C-F45400417A1F}.Release|Any CPU.Build.0 = Release|Any CPU
	EndGlobalSection
	GlobalSection(SolutionProperties) = preSolution
		HideSolutionNode = FALSE
	EndGlobalSection
	GlobalSection(ExtensibilityGlobals) = postSolution
		SolutionGuid = {34461BE6-22AE-462E-B579-F2B2D2CD1AFD}
	EndGlobalSection
EndGlobal
